// !$*UTF8*$!
{
	archiveVersion = 1;
	classes = {
	};
	objectVersion = 56;
	objects = {

/* Begin PBXBuildFile section */
		ED7A1E242B755D00004568C4 /* HW_3_Part_1___Monte_Carlo_IntegrationApp.swift in Sources */ = {isa = PBXBuildFile; fileRef = ED7A1E232B755D00004568C4 /* HW_3_Part_1___Monte_Carlo_IntegrationApp.swift */; };
		ED7A1E262B755D00004568C4 /* ContentView.swift in Sources */ = {isa = PBXBuildFile; fileRef = ED7A1E252B755D00004568C4 /* ContentView.swift */; };
		ED7A1E282B755D02004568C4 /* Assets.xcassets in Resources */ = {isa = PBXBuildFile; fileRef = ED7A1E272B755D02004568C4 /* Assets.xcassets */; };
		ED7A1E2C2B755D02004568C4 /* Preview Assets.xcassets in Resources */ = {isa = PBXBuildFile; fileRef = ED7A1E2B2B755D02004568C4 /* Preview Assets.xcassets */; };
		ED7A1E362B755D02004568C4 /* HW_3_Part_1___Monte_Carlo_IntegrationTests.swift in Sources */ = {isa = PBXBuildFile; fileRef = ED7A1E352B755D02004568C4 /* HW_3_Part_1___Monte_Carlo_IntegrationTests.swift */; };
		ED7A1E402B755D02004568C4 /* HW_3_Part_1___Monte_Carlo_IntegrationUITests.swift in Sources */ = {isa = PBXBuildFile; fileRef = ED7A1E3F2B755D02004568C4 /* HW_3_Part_1___Monte_Carlo_IntegrationUITests.swift */; };
		ED7A1E422B755D02004568C4 /* HW_3_Part_1___Monte_Carlo_IntegrationUITestsLaunchTests.swift in Sources */ = {isa = PBXBuildFile; fileRef = ED7A1E412B755D02004568C4 /* HW_3_Part_1___Monte_Carlo_IntegrationUITestsLaunchTests.swift */; };
/* End PBXBuildFile section */

/* Begin PBXContainerItemProxy section */
		ED7A1E322B755D02004568C4 /* PBXContainerItemProxy */ = {
			isa = PBXContainerItemProxy;
			containerPortal = ED7A1E182B755D00004568C4 /* Project object */;
			proxyType = 1;
			remoteGlobalIDString = ED7A1E1F2B755D00004568C4;
			remoteInfo = "HW 3 Part 1 - Monte Carlo Integration";
		};
		ED7A1E3C2B755D02004568C4 /* PBXContainerItemProxy */ = {
			isa = PBXContainerItemProxy;
			containerPortal = ED7A1E182B755D00004568C4 /* Project object */;
			proxyType = 1;
			remoteGlobalIDString = ED7A1E1F2B755D00004568C4;
			remoteInfo = "HW 3 Part 1 - Monte Carlo Integration";
		};
/* End PBXContainerItemProxy section */

/* Begin PBXFileReference section */
		ED7A1E202B755D00004568C4 /* HW 3 Part 1 - Monte Carlo Integration.app */ = {isa = PBXFileReference; explicitFileType = wrapper.application; includeInIndex = 0; path = "HW 3 Part 1 - Monte Carlo Integration.app"; sourceTree = BUILT_PRODUCTS_DIR; };
		ED7A1E232B755D00004568C4 /* HW_3_Part_1___Monte_Carlo_IntegrationApp.swift */ = {isa = PBXFileReference; lastKnownFileType = sourcecode.swift; path = "HW_3_Part_1___Monte_Carlo_IntegrationApp.swift"; sourceTree = "<group>"; };
		ED7A1E252B755D00004568C4 /* ContentView.swift */ = {isa = PBXFileReference; lastKnownFileType = sourcecode.swift; path = ContentView.swift; sourceTree = "<group>"; };
		ED7A1E272B755D02004568C4 /* Assets.xcassets */ = {isa = PBXFileReference; lastKnownFileType = folder.assetcatalog; path = Assets.xcassets; sourceTree = "<group>"; };
		ED7A1E292B755D02004568C4 /* HW_3_Part_1___Monte_Carlo_Integration.entitlements */ = {isa = PBXFileReference; lastKnownFileType = text.plist.entitlements; path = "HW_3_Part_1___Monte_Carlo_Integration.entitlements"; sourceTree = "<group>"; };
		ED7A1E2B2B755D02004568C4 /* Preview Assets.xcassets */ = {isa = PBXFileReference; lastKnownFileType = folder.assetcatalog; path = "Preview Assets.xcassets"; sourceTree = "<group>"; };
		ED7A1E312B755D02004568C4 /* HW 3 Part 1 - Monte Carlo IntegrationTests.xctest */ = {isa = PBXFileReference; explicitFileType = wrapper.cfbundle; includeInIndex = 0; path = "HW 3 Part 1 - Monte Carlo IntegrationTests.xctest"; sourceTree = BUILT_PRODUCTS_DIR; };
		ED7A1E352B755D02004568C4 /* HW_3_Part_1___Monte_Carlo_IntegrationTests.swift */ = {isa = PBXFileReference; lastKnownFileType = sourcecode.swift; path = "HW_3_Part_1___Monte_Carlo_IntegrationTests.swift"; sourceTree = "<group>"; };
		ED7A1E3B2B755D02004568C4 /* HW 3 Part 1 - Monte Carlo IntegrationUITests.xctest */ = {isa = PBXFileReference; explicitFileType = wrapper.cfbundle; includeInIndex = 0; path = "HW 3 Part 1 - Monte Carlo IntegrationUITests.xctest"; sourceTree = BUILT_PRODUCTS_DIR; };
		ED7A1E3F2B755D02004568C4 /* HW_3_Part_1___Monte_Carlo_IntegrationUITests.swift */ = {isa = PBXFileReference; lastKnownFileType = sourcecode.swift; path = "HW_3_Part_1___Monte_Carlo_IntegrationUITests.swift"; sourceTree = "<group>"; };
		ED7A1E412B755D02004568C4 /* HW_3_Part_1___Monte_Carlo_IntegrationUITestsLaunchTests.swift */ = {isa = PBXFileReference; lastKnownFileType = sourcecode.swift; path = "HW_3_Part_1___Monte_Carlo_IntegrationUITestsLaunchTests.swift"; sourceTree = "<group>"; };
/* End PBXFileReference section */

/* Begin PBXFrameworksBuildPhase section */
		ED7A1E1D2B755D00004568C4 /* Frameworks */ = {
			isa = PBXFrameworksBuildPhase;
			buildActionMask = 2147483647;
			files = (
			);
			runOnlyForDeploymentPostprocessing = 0;
		};
		ED7A1E2E2B755D02004568C4 /* Frameworks */ = {
			isa = PBXFrameworksBuildPhase;
			buildActionMask = 2147483647;
			files = (
			);
			runOnlyForDeploymentPostprocessing = 0;
		};
		ED7A1E382B755D02004568C4 /* Frameworks */ = {
			isa = PBXFrameworksBuildPhase;
			buildActionMask = 2147483647;
			files = (
			);
			runOnlyForDeploymentPostprocessing = 0;
		};
/* End PBXFrameworksBuildPhase section */

/* Begin PBXGroup section */
		ED7A1E172B755D00004568C4 = {
			isa = PBXGroup;
			children = (
				ED7A1E222B755D00004568C4 /* HW 3 Part 1 - Monte Carlo Integration */,
				ED7A1E342B755D02004568C4 /* HW 3 Part 1 - Monte Carlo IntegrationTests */,
				ED7A1E3E2B755D02004568C4 /* HW 3 Part 1 - Monte Carlo IntegrationUITests */,
				ED7A1E212B755D00004568C4 /* Products */,
			);
			sourceTree = "<group>";
		};
		ED7A1E212B755D00004568C4 /* Products */ = {
			isa = PBXGroup;
			children = (
				ED7A1E202B755D00004568C4 /* HW 3 Part 1 - Monte Carlo Integration.app */,
				ED7A1E312B755D02004568C4 /* HW 3 Part 1 - Monte Carlo IntegrationTests.xctest */,
				ED7A1E3B2B755D02004568C4 /* HW 3 Part 1 - Monte Carlo IntegrationUITests.xctest */,
			);
			name = Products;
			sourceTree = "<group>";
		};
		ED7A1E222B755D00004568C4 /* HW 3 Part 1 - Monte Carlo Integration */ = {
			isa = PBXGroup;
			children = (
				ED7A1E232B755D00004568C4 /* HW_3_Part_1___Monte_Carlo_IntegrationApp.swift */,
				ED7A1E252B755D00004568C4 /* ContentView.swift */,
				ED7A1E272B755D02004568C4 /* Assets.xcassets */,
				ED7A1E292B755D02004568C4 /* HW_3_Part_1___Monte_Carlo_Integration.entitlements */,
				ED7A1E2A2B755D02004568C4 /* Preview Content */,
			);
			path = "HW 3 Part 1 - Monte Carlo Integration";
			sourceTree = "<group>";
		};
		ED7A1E2A2B755D02004568C4 /* Preview Content */ = {
			isa = PBXGroup;
			children = (
				ED7A1E2B2B755D02004568C4 /* Preview Assets.xcassets */,
			);
			path = "Preview Content";
			sourceTree = "<group>";
		};
		ED7A1E342B755D02004568C4 /* HW 3 Part 1 - Monte Carlo IntegrationTests */ = {
			isa = PBXGroup;
			children = (
				ED7A1E352B755D02004568C4 /* HW_3_Part_1___Monte_Carlo_IntegrationTests.swift */,
			);
			path = "HW 3 Part 1 - Monte Carlo IntegrationTests";
			sourceTree = "<group>";
		};
		ED7A1E3E2B755D02004568C4 /* HW 3 Part 1 - Monte Carlo IntegrationUITests */ = {
			isa = PBXGroup;
			children = (
				ED7A1E3F2B755D02004568C4 /* HW_3_Part_1___Monte_Carlo_IntegrationUITests.swift */,
				ED7A1E412B755D02004568C4 /* HW_3_Part_1___Monte_Carlo_IntegrationUITestsLaunchTests.swift */,
			);
			path = "HW 3 Part 1 - Monte Carlo IntegrationUITests";
			sourceTree = "<group>";
		};
/* End PBXGroup section */

/* Begin PBXNativeTarget section */
		ED7A1E1F2B755D00004568C4 /* HW 3 Part 1 - Monte Carlo Integration */ = {
			isa = PBXNativeTarget;
			buildConfigurationList = ED7A1E452B755D02004568C4 /* Build configuration list for PBXNativeTarget "HW 3 Part 1 - Monte Carlo Integration" */;
			buildPhases = (
				ED7A1E1C2B755D00004568C4 /* Sources */,
				ED7A1E1D2B755D00004568C4 /* Frameworks */,
				ED7A1E1E2B755D00004568C4 /* Resources */,
			);
			buildRules = (
			);
			dependencies = (
			);
			name = "HW 3 Part 1 - Monte Carlo Integration";
			productName = "HW 3 Part 1 - Monte Carlo Integration";
			productReference = ED7A1E202B755D00004568C4 /* HW 3 Part 1 - Monte Carlo Integration.app */;
			productType = "com.apple.product-type.application";
		};
		ED7A1E302B755D02004568C4 /* HW 3 Part 1 - Monte Carlo IntegrationTests */ = {
			isa = PBXNativeTarget;
			buildConfigurationList = ED7A1E482B755D02004568C4 /* Build configuration list for PBXNativeTarget "HW 3 Part 1 - Monte Carlo IntegrationTests" */;
			buildPhases = (
				ED7A1E2D2B755D02004568C4 /* Sources */,
				ED7A1E2E2B755D02004568C4 /* Frameworks */,
				ED7A1E2F2B755D02004568C4 /* Resources */,
			);
			buildRules = (
			);
			dependencies = (
				ED7A1E332B755D02004568C4 /* PBXTargetDependency */,
			);
			name = "HW 3 Part 1 - Monte Carlo IntegrationTests";
			productName = "HW 3 Part 1 - Monte Carlo IntegrationTests";
			productReference = ED7A1E312B755D02004568C4 /* HW 3 Part 1 - Monte Carlo IntegrationTests.xctest */;
			productType = "com.apple.product-type.bundle.unit-test";
		};
		ED7A1E3A2B755D02004568C4 /* HW 3 Part 1 - Monte Carlo IntegrationUITests */ = {
			isa = PBXNativeTarget;
			buildConfigurationList = ED7A1E4B2B755D02004568C4 /* Build configuration list for PBXNativeTarget "HW 3 Part 1 - Monte Carlo IntegrationUITests" */;
			buildPhases = (
				ED7A1E372B755D02004568C4 /* Sources */,
				ED7A1E382B755D02004568C4 /* Frameworks */,
				ED7A1E392B755D02004568C4 /* Resources */,
			);
			buildRules = (
			);
			dependencies = (
				ED7A1E3D2B755D02004568C4 /* PBXTargetDependency */,
			);
			name = "HW 3 Part 1 - Monte Carlo IntegrationUITests";
			productName = "HW 3 Part 1 - Monte Carlo IntegrationUITests";
			productReference = ED7A1E3B2B755D02004568C4 /* HW 3 Part 1 - Monte Carlo IntegrationUITests.xctest */;
			productType = "com.apple.product-type.bundle.ui-testing";
		};
/* End PBXNativeTarget section */

/* Begin PBXProject section */
		ED7A1E182B755D00004568C4 /* Project object */ = {
			isa = PBXProject;
			attributes = {
				BuildIndependentTargetsInParallel = 1;
				LastSwiftUpdateCheck = 1520;
				LastUpgradeCheck = 1520;
				TargetAttributes = {
					ED7A1E1F2B755D00004568C4 = {
						CreatedOnToolsVersion = 15.2;
					};
					ED7A1E302B755D02004568C4 = {
						CreatedOnToolsVersion = 15.2;
						TestTargetID = ED7A1E1F2B755D00004568C4;
					};
					ED7A1E3A2B755D02004568C4 = {
						CreatedOnToolsVersion = 15.2;
						TestTargetID = ED7A1E1F2B755D00004568C4;
					};
				};
			};
			buildConfigurationList = ED7A1E1B2B755D00004568C4 /* Build configuration list for PBXProject "HW 3 Part 1 - Monte Carlo Integration" */;
			compatibilityVersion = "Xcode 14.0";
			developmentRegion = en;
			hasScannedForEncodings = 0;
			knownRegions = (
				en,
				Base,
			);
			mainGroup = ED7A1E172B755D00004568C4;
			productRefGroup = ED7A1E212B755D00004568C4 /* Products */;
			projectDirPath = "";
			projectRoot = "";
			targets = (
				ED7A1E1F2B755D00004568C4 /* HW 3 Part 1 - Monte Carlo Integration */,
				ED7A1E302B755D02004568C4 /* HW 3 Part 1 - Monte Carlo IntegrationTests */,
				ED7A1E3A2B755D02004568C4 /* HW 3 Part 1 - Monte Carlo IntegrationUITests */,
			);
		};
/* End PBXProject section */

/* Begin PBXResourcesBuildPhase section */
		ED7A1E1E2B755D00004568C4 /* Resources */ = {
			isa = PBXResourcesBuildPhase;
			buildActionMask = 2147483647;
			files = (
				ED7A1E2C2B755D02004568C4 /* Preview Assets.xcassets in Resources */,
				ED7A1E282B755D02004568C4 /* Assets.xcassets in Resources */,
			);
			runOnlyForDeploymentPostprocessing = 0;
		};
		ED7A1E2F2B755D02004568C4 /* Resources */ = {
			isa = PBXResourcesBuildPhase;
			buildActionMask = 2147483647;
			files = (
			);
			runOnlyForDeploymentPostprocessing = 0;
		};
		ED7A1E392B755D02004568C4 /* Resources */ = {
			isa = PBXResourcesBuildPhase;
			buildActionMask = 2147483647;
			files = (
			);
			runOnlyForDeploymentPostprocessing = 0;
		};
/* End PBXResourcesBuildPhase section */

/* Begin PBXSourcesBuildPhase section */
		ED7A1E1C2B755D00004568C4 /* Sources */ = {
			isa = PBXSourcesBuildPhase;
			buildActionMask = 2147483647;
			files = (
				ED7A1E262B755D00004568C4 /* ContentView.swift in Sources */,
				ED7A1E242B755D00004568C4 /* HW_3_Part_1___Monte_Carlo_IntegrationApp.swift in Sources */,
			);
			runOnlyForDeploymentPostprocessing = 0;
		};
		ED7A1E2D2B755D02004568C4 /* Sources */ = {
			isa = PBXSourcesBuildPhase;
			buildActionMask = 2147483647;
			files = (
				ED7A1E362B755D02004568C4 /* HW_3_Part_1___Monte_Carlo_IntegrationTests.swift in Sources */,
			);
			runOnlyForDeploymentPostprocessing = 0;
		};
		ED7A1E372B755D02004568C4 /* Sources */ = {
			isa = PBXSourcesBuildPhase;
			buildActionMask = 2147483647;
			files = (
				ED7A1E402B755D02004568C4 /* HW_3_Part_1___Monte_Carlo_IntegrationUITests.swift in Sources */,
				ED7A1E422B755D02004568C4 /* HW_3_Part_1___Monte_Carlo_IntegrationUITestsLaunchTests.swift in Sources */,
			);
			runOnlyForDeploymentPostprocessing = 0;
		};
/* End PBXSourcesBuildPhase section */

/* Begin PBXTargetDependency section */
		ED7A1E332B755D02004568C4 /* PBXTargetDependency */ = {
			isa = PBXTargetDependency;
			target = ED7A1E1F2B755D00004568C4 /* HW 3 Part 1 - Monte Carlo Integration */;
			targetProxy = ED7A1E322B755D02004568C4 /* PBXContainerItemProxy */;
		};
		ED7A1E3D2B755D02004568C4 /* PBXTargetDependency */ = {
			isa = PBXTargetDependency;
			target = ED7A1E1F2B755D00004568C4 /* HW 3 Part 1 - Monte Carlo Integration */;
			targetProxy = ED7A1E3C2B755D02004568C4 /* PBXContainerItemProxy */;
		};
/* End PBXTargetDependency section */

/* Begin XCBuildConfiguration section */
		ED7A1E432B755D02004568C4 /* Debug */ = {
			isa = XCBuildConfiguration;
			buildSettings = {
				ALWAYS_SEARCH_USER_PATHS = NO;
				ASSETCATALOG_COMPILER_GENERATE_SWIFT_ASSET_SYMBOL_EXTENSIONS = YES;
				CLANG_ANALYZER_NONNULL = YES;
				CLANG_ANALYZER_NUMBER_OBJECT_CONVERSION = YES_AGGRESSIVE;
				CLANG_CXX_LANGUAGE_STANDARD = "gnu++20";
				CLANG_ENABLE_MODULES = YES;
				CLANG_ENABLE_OBJC_ARC = YES;
				CLANG_ENABLE_OBJC_WEAK = YES;
				CLANG_WARN_BLOCK_CAPTURE_AUTORELEASING = YES;
				CLANG_WARN_BOOL_CONVERSION = YES;
				CLANG_WARN_COMMA = YES;
				CLANG_WARN_CONSTANT_CONVERSION = YES;
				CLANG_WARN_DEPRECATED_OBJC_IMPLEMENTATIONS = YES;
				CLANG_WARN_DIRECT_OBJC_ISA_USAGE = YES_ERROR;
				CLANG_WARN_DOCUMENTATION_COMMENTS = YES;
				CLANG_WARN_EMPTY_BODY = YES;
				CLANG_WARN_ENUM_CONVERSION = YES;
				CLANG_WARN_INFINITE_RECURSION = YES;
				CLANG_WARN_INT_CONVERSION = YES;
				CLANG_WARN_NON_LITERAL_NULL_CONVERSION = YES;
				CLANG_WARN_OBJC_IMPLICIT_RETAIN_SELF = YES;
				CLANG_WARN_OBJC_LITERAL_CONVERSION = YES;
				CLANG_WARN_OBJC_ROOT_CLASS = YES_ERROR;
				CLANG_WARN_QUOTED_INCLUDE_IN_FRAMEWORK_HEADER = YES;
				CLANG_WARN_RANGE_LOOP_ANALYSIS = YES;
				CLANG_WARN_STRICT_PROTOTYPES = YES;
				CLANG_WARN_SUSPICIOUS_MOVE = YES;
				CLANG_WARN_UNGUARDED_AVAILABILITY = YES_AGGRESSIVE;
				CLANG_WARN_UNREACHABLE_CODE = YES;
				CLANG_WARN__DUPLICATE_METHOD_MATCH = YES;
				COPY_PHASE_STRIP = NO;
				DEBUG_INFORMATION_FORMAT = dwarf;
				ENABLE_STRICT_OBJC_MSGSEND = YES;
				ENABLE_TESTABILITY = YES;
				ENABLE_USER_SCRIPT_SANDBOXING = YES;
				GCC_C_LANGUAGE_STANDARD = gnu17;
				GCC_DYNAMIC_NO_PIC = NO;
				GCC_NO_COMMON_BLOCKS = YES;
				GCC_OPTIMIZATION_LEVEL = 0;
				GCC_PREPROCESSOR_DEFINITIONS = (
					"DEBUG=1",
					"$(inherited)",
				);
				GCC_WARN_64_TO_32_BIT_CONVERSION = YES;
				GCC_WARN_ABOUT_RETURN_TYPE = YES_ERROR;
				GCC_WARN_UNDECLARED_SELECTOR = YES;
				GCC_WARN_UNINITIALIZED_AUTOS = YES_AGGRESSIVE;
				GCC_WARN_UNUSED_FUNCTION = YES;
				GCC_WARN_UNUSED_VARIABLE = YES;
				LOCALIZATION_PREFERS_STRING_CATALOGS = YES;
				MTL_ENABLE_DEBUG_INFO = INCLUDE_SOURCE;
				MTL_FAST_MATH = YES;
				ONLY_ACTIVE_ARCH = YES;
				SWIFT_ACTIVE_COMPILATION_CONDITIONS = "DEBUG $(inherited)";
				SWIFT_OPTIMIZATION_LEVEL = "-Onone";
			};
			name = Debug;
		};
		ED7A1E442B755D02004568C4 /* Release */ = {
			isa = XCBuildConfiguration;
			buildSettings = {
				ALWAYS_SEARCH_USER_PATHS = NO;
				ASSETCATALOG_COMPILER_GENERATE_SWIFT_ASSET_SYMBOL_EXTENSIONS = YES;
				CLANG_ANALYZER_NONNULL = YES;
				CLANG_ANALYZER_NUMBER_OBJECT_CONVERSION = YES_AGGRESSIVE;
				CLANG_CXX_LANGUAGE_STANDARD = "gnu++20";
				CLANG_ENABLE_MODULES = YES;
				CLANG_ENABLE_OBJC_ARC = YES;
				CLANG_ENABLE_OBJC_WEAK = YES;
				CLANG_WARN_BLOCK_CAPTURE_AUTORELEASING = YES;
				CLANG_WARN_BOOL_CONVERSION = YES;
				CLANG_WARN_COMMA = YES;
				CLANG_WARN_CONSTANT_CONVERSION = YES;
				CLANG_WARN_DEPRECATED_OBJC_IMPLEMENTATIONS = YES;
				CLANG_WARN_DIRECT_OBJC_ISA_USAGE = YES_ERROR;
				CLANG_WARN_DOCUMENTATION_COMMENTS = YES;
				CLANG_WARN_EMPTY_BODY = YES;
				CLANG_WARN_ENUM_CONVERSION = YES;
				CLANG_WARN_INFINITE_RECURSION = YES;
				CLANG_WARN_INT_CONVERSION = YES;
				CLANG_WARN_NON_LITERAL_NULL_CONVERSION = YES;
				CLANG_WARN_OBJC_IMPLICIT_RETAIN_SELF = YES;
				CLANG_WARN_OBJC_LITERAL_CONVERSION = YES;
				CLANG_WARN_OBJC_ROOT_CLASS = YES_ERROR;
				CLANG_WARN_QUOTED_INCLUDE_IN_FRAMEWORK_HEADER = YES;
				CLANG_WARN_RANGE_LOOP_ANALYSIS = YES;
				CLANG_WARN_STRICT_PROTOTYPES = YES;
				CLANG_WARN_SUSPICIOUS_MOVE = YES;
				CLANG_WARN_UNGUARDED_AVAILABILITY = YES_AGGRESSIVE;
				CLANG_WARN_UNREACHABLE_CODE = YES;
				CLANG_WARN__DUPLICATE_METHOD_MATCH = YES;
				COPY_PHASE_STRIP = NO;
				DEBUG_INFORMATION_FORMAT = "dwarf-with-dsym";
				ENABLE_NS_ASSERTIONS = NO;
				ENABLE_STRICT_OBJC_MSGSEND = YES;
				ENABLE_USER_SCRIPT_SANDBOXING = YES;
				GCC_C_LANGUAGE_STANDARD = gnu17;
				GCC_NO_COMMON_BLOCKS = YES;
				GCC_WARN_64_TO_32_BIT_CONVERSION = YES;
				GCC_WARN_ABOUT_RETURN_TYPE = YES_ERROR;
				GCC_WARN_UNDECLARED_SELECTOR = YES;
				GCC_WARN_UNINITIALIZED_AUTOS = YES_AGGRESSIVE;
				GCC_WARN_UNUSED_FUNCTION = YES;
				GCC_WARN_UNUSED_VARIABLE = YES;
				LOCALIZATION_PREFERS_STRING_CATALOGS = YES;
				MTL_ENABLE_DEBUG_INFO = NO;
				MTL_FAST_MATH = YES;
				SWIFT_COMPILATION_MODE = wholemodule;
			};
			name = Release;
		};
		ED7A1E462B755D02004568C4 /* Debug */ = {
			isa = XCBuildConfiguration;
			buildSettings = {
				ASSETCATALOG_COMPILER_APPICON_NAME = AppIcon;
				ASSETCATALOG_COMPILER_GLOBAL_ACCENT_COLOR_NAME = AccentColor;
				CODE_SIGN_ENTITLEMENTS = "HW 3 Part 1 - Monte Carlo Integration/HW_3_Part_1___Monte_Carlo_Integration.entitlements";
				CODE_SIGN_STYLE = Automatic;
				CURRENT_PROJECT_VERSION = 1;
				DEVELOPMENT_ASSET_PATHS = "\"HW 3 Part 1 - Monte Carlo Integration/Preview Content\"";
				DEVELOPMENT_TEAM = 75J3K8B84J;
				ENABLE_HARDENED_RUNTIME = YES;
				ENABLE_PREVIEWS = YES;
				GENERATE_INFOPLIST_FILE = YES;
				"INFOPLIST_KEY_UIApplicationSceneManifest_Generation[sdk=iphoneos*]" = YES;
				"INFOPLIST_KEY_UIApplicationSceneManifest_Generation[sdk=iphonesimulator*]" = YES;
				"INFOPLIST_KEY_UIApplicationSupportsIndirectInputEvents[sdk=iphoneos*]" = YES;
				"INFOPLIST_KEY_UIApplicationSupportsIndirectInputEvents[sdk=iphonesimulator*]" = YES;
				"INFOPLIST_KEY_UILaunchScreen_Generation[sdk=iphoneos*]" = YES;
				"INFOPLIST_KEY_UILaunchScreen_Generation[sdk=iphonesimulator*]" = YES;
				"INFOPLIST_KEY_UIStatusBarStyle[sdk=iphoneos*]" = UIStatusBarStyleDefault;
				"INFOPLIST_KEY_UIStatusBarStyle[sdk=iphonesimulator*]" = UIStatusBarStyleDefault;
				INFOPLIST_KEY_UISupportedInterfaceOrientations_iPad = "UIInterfaceOrientationPortrait UIInterfaceOrientationPortraitUpsideDown UIInterfaceOrientationLandscapeLeft UIInterfaceOrientationLandscapeRight";
				INFOPLIST_KEY_UISupportedInterfaceOrientations_iPhone = "UIInterfaceOrientationPortrait UIInterfaceOrientationLandscapeLeft UIInterfaceOrientationLandscapeRight";
				IPHONEOS_DEPLOYMENT_TARGET = 17.2;
				LD_RUNPATH_SEARCH_PATHS = "@executable_path/Frameworks";
				"LD_RUNPATH_SEARCH_PATHS[sdk=macosx*]" = "@executable_path/../Frameworks";
				MACOSX_DEPLOYMENT_TARGET = 14.2;
				MARKETING_VERSION = 1.0;
				PRODUCT_BUNDLE_IDENTIFIER = "Test.HW-3-Part-1---Monte-Carlo-Integration";
				PRODUCT_NAME = "$(TARGET_NAME)";
				SDKROOT = auto;
				SUPPORTED_PLATFORMS = "iphoneos iphonesimulator macosx";
				SWIFT_EMIT_LOC_STRINGS = YES;
				SWIFT_VERSION = 5.0;
				TARGETED_DEVICE_FAMILY = "1,2";
			};
			name = Debug;
		};
		ED7A1E472B755D02004568C4 /* Release */ = {
			isa = XCBuildConfiguration;
			buildSettings = {
				ASSETCATALOG_COMPILER_APPICON_NAME = AppIcon;
				ASSETCATALOG_COMPILER_GLOBAL_ACCENT_COLOR_NAME = AccentColor;
				CODE_SIGN_ENTITLEMENTS = "HW 3 Part 1 - Monte Carlo Integration/HW_3_Part_1___Monte_Carlo_Integration.entitlements";
				CODE_SIGN_STYLE = Automatic;
				CURRENT_PROJECT_VERSION = 1;
				DEVELOPMENT_ASSET_PATHS = "\"HW 3 Part 1 - Monte Carlo Integration/Preview Content\"";
				DEVELOPMENT_TEAM = 75J3K8B84J;
				ENABLE_HARDENED_RUNTIME = YES;
				ENABLE_PREVIEWS = YES;
				GENERATE_INFOPLIST_FILE = YES;
				"INFOPLIST_KEY_UIApplicationSceneManifest_Generation[sdk=iphoneos*]" = YES;
				"INFOPLIST_KEY_UIApplicationSceneManifest_Generation[sdk=iphonesimulator*]" = YES;
				"INFOPLIST_KEY_UIApplicationSupportsIndirectInputEvents[sdk=iphoneos*]" = YES;
				"INFOPLIST_KEY_UIApplicationSupportsIndirectInputEvents[sdk=iphonesimulator*]" = YES;
				"INFOPLIST_KEY_UILaunchScreen_Generation[sdk=iphoneos*]" = YES;
				"INFOPLIST_KEY_UILaunchScreen_Generation[sdk=iphonesimulator*]" = YES;
				"INFOPLIST_KEY_UIStatusBarStyle[sdk=iphoneos*]" = UIStatusBarStyleDefault;
				"INFOPLIST_KEY_UIStatusBarStyle[sdk=iphonesimulator*]" = UIStatusBarStyleDefault;
				INFOPLIST_KEY_UISupportedInterfaceOrientations_iPad = "UIInterfaceOrientationPortrait UIInterfaceOrientationPortraitUpsideDown UIInterfaceOrientationLandscapeLeft UIInterfaceOrientationLandscapeRight";
				INFOPLIST_KEY_UISupportedInterfaceOrientations_iPhone = "UIInterfaceOrientationPortrait UIInterfaceOrientationLandscapeLeft UIInterfaceOrientationLandscapeRight";
				IPHONEOS_DEPLOYMENT_TARGET = 17.2;
				LD_RUNPATH_SEARCH_PATHS = "@executable_path/Frameworks";
				"LD_RUNPATH_SEARCH_PATHS[sdk=macosx*]" = "@executable_path/../Frameworks";
				MACOSX_DEPLOYMENT_TARGET = 14.2;
				MARKETING_VERSION = 1.0;
				PRODUCT_BUNDLE_IDENTIFIER = "Test.HW-3-Part-1---Monte-Carlo-Integration";
				PRODUCT_NAME = "$(TARGET_NAME)";
				SDKROOT = auto;
				SUPPORTED_PLATFORMS = "iphoneos iphonesimulator macosx";
				SWIFT_EMIT_LOC_STRINGS = YES;
				SWIFT_VERSION = 5.0;
				TARGETED_DEVICE_FAMILY = "1,2";
			};
			name = Release;
		};
		ED7A1E492B755D02004568C4 /* Debug */ = {
			isa = XCBuildConfiguration;
			buildSettings = {
				ALWAYS_EMBED_SWIFT_STANDARD_LIBRARIES = YES;
				BUNDLE_LOADER = "$(TEST_HOST)";
				CODE_SIGN_STYLE = Automatic;
				CURRENT_PROJECT_VERSION = 1;
				DEVELOPMENT_TEAM = 75J3K8B84J;
				GENERATE_INFOPLIST_FILE = YES;
				IPHONEOS_DEPLOYMENT_TARGET = 17.2;
				MACOSX_DEPLOYMENT_TARGET = 14.2;
				MARKETING_VERSION = 1.0;
				PRODUCT_BUNDLE_IDENTIFIER = "Test.HW-3-Part-1---Monte-Carlo-IntegrationTests";
				PRODUCT_NAME = "$(TARGET_NAME)";
				SDKROOT = auto;
				SUPPORTED_PLATFORMS = "iphoneos iphonesimulator macosx";
				SWIFT_EMIT_LOC_STRINGS = NO;
				SWIFT_VERSION = 5.0;
				TARGETED_DEVICE_FAMILY = "1,2";
				TEST_HOST = "$(BUILT_PRODUCTS_DIR)/HW 3 Part 1 - Monte Carlo Integration.app/$(BUNDLE_EXECUTABLE_FOLDER_PATH)/HW 3 Part 1 - Monte Carlo Integration";
			};
			name = Debug;
		};
		ED7A1E4A2B755D02004568C4 /* Release */ = {
			isa = XCBuildConfiguration;
			buildSettings = {
				ALWAYS_EMBED_SWIFT_STANDARD_LIBRARIES = YES;
				BUNDLE_LOADER = "$(TEST_HOST)";
				CODE_SIGN_STYLE = Automatic;
				CURRENT_PROJECT_VERSION = 1;
				DEVELOPMENT_TEAM = 75J3K8B84J;
				GENERATE_INFOPLIST_FILE = YES;
				IPHONEOS_DEPLOYMENT_TARGET = 17.2;
				MACOSX_DEPLOYMENT_TARGET = 14.2;
				MARKETING_VERSION = 1.0;
				PRODUCT_BUNDLE_IDENTIFIER = "Test.HW-3-Part-1---Monte-Carlo-IntegrationTests";
				PRODUCT_NAME = "$(TARGET_NAME)";
				SDKROOT = auto;
				SUPPORTED_PLATFORMS = "iphoneos iphonesimulator macosx";
				SWIFT_EMIT_LOC_STRINGS = NO;
				SWIFT_VERSION = 5.0;
				TARGETED_DEVICE_FAMILY = "1,2";
				TEST_HOST = "$(BUILT_PRODUCTS_DIR)/HW 3 Part 1 - Monte Carlo Integration.app/$(BUNDLE_EXECUTABLE_FOLDER_PATH)/HW 3 Part 1 - Monte Carlo Integration";
			};
			name = Release;
		};
		ED7A1E4C2B755D02004568C4 /* Debug */ = {
			isa = XCBuildConfiguration;
			buildSettings = {
				ALWAYS_EMBED_SWIFT_STANDARD_LIBRARIES = YES;
				CODE_SIGN_STYLE = Automatic;
				CURRENT_PROJECT_VERSION = 1;
				DEVELOPMENT_TEAM = 75J3K8B84J;
				GENERATE_INFOPLIST_FILE = YES;
				IPHONEOS_DEPLOYMENT_TARGET = 17.2;
				MACOSX_DEPLOYMENT_TARGET = 14.2;
				MARKETING_VERSION = 1.0;
				PRODUCT_BUNDLE_IDENTIFIER = "Test.HW-3-Part-1---Monte-Carlo-IntegrationUITests";
				PRODUCT_NAME = "$(TARGET_NAME)";
				SDKROOT = auto;
				SUPPORTED_PLATFORMS = "iphoneos iphonesimulator macosx";
				SWIFT_EMIT_LOC_STRINGS = NO;
				SWIFT_VERSION = 5.0;
				TARGETED_DEVICE_FAMILY = "1,2";
				TEST_TARGET_NAME = "HW 3 Part 1 - Monte Carlo Integration";
			};
			name = Debug;
		};
		ED7A1E4D2B755D02004568C4 /* Release */ = {
			isa = XCBuildConfiguration;
			buildSettings = {
				ALWAYS_EMBED_SWIFT_STANDARD_LIBRARIES = YES;
				CODE_SIGN_STYLE = Automatic;
				CURRENT_PROJECT_VERSION = 1;
				DEVELOPMENT_TEAM = 75J3K8B84J;
				GENERATE_INFOPLIST_FILE = YES;
				IPHONEOS_DEPLOYMENT_TARGET = 17.2;
				MACOSX_DEPLOYMENT_TARGET = 14.2;
				MARKETING_VERSION = 1.0;
				PRODUCT_BUNDLE_IDENTIFIER = "Test.HW-3-Part-1---Monte-Carlo-IntegrationUITests";
				PRODUCT_NAME = "$(TARGET_NAME)";
				SDKROOT = auto;
				SUPPORTED_PLATFORMS = "iphoneos iphonesimulator macosx";
				SWIFT_EMIT_LOC_STRINGS = NO;
				SWIFT_VERSION = 5.0;
				TARGETED_DEVICE_FAMILY = "1,2";
				TEST_TARGET_NAME = "HW 3 Part 1 - Monte Carlo Integration";
			};
			name = Release;
		};
/* End XCBuildConfiguration section */

/* Begin XCConfigurationList section */
		ED7A1E1B2B755D00004568C4 /* Build configuration list for PBXProject "HW 3 Part 1 - Monte Carlo Integration" */ = {
			isa = XCConfigurationList;
			buildConfigurations = (
				ED7A1E432B755D02004568C4 /* Debug */,
				ED7A1E442B755D02004568C4 /* Release */,
			);
			defaultConfigurationIsVisible = 0;
			defaultConfigurationName = Release;
		};
		ED7A1E452B755D02004568C4 /* Build configuration list for PBXNativeTarget "HW 3 Part 1 - Monte Carlo Integration" */ = {
			isa = XCConfigurationList;
			buildConfigurations = (
				ED7A1E462B755D02004568C4 /* Debug */,
				ED7A1E472B755D02004568C4 /* Release */,
			);
			defaultConfigurationIsVisible = 0;
			defaultConfigurationName = Release;
		};
		ED7A1E482B755D02004568C4 /* Build configuration list for PBXNativeTarget "HW 3 Part 1 - Monte Carlo IntegrationTests" */ = {
			isa = XCConfigurationList;
			buildConfigurations = (
				ED7A1E492B755D02004568C4 /* Debug */,
				ED7A1E4A2B755D02004568C4 /* Release */,
			);
			defaultConfigurationIsVisible = 0;
			defaultConfigurationName = Release;
		};
		ED7A1E4B2B755D02004568C4 /* Build configuration list for PBXNativeTarget "HW 3 Part 1 - Monte Carlo IntegrationUITests" */ = {
			isa = XCConfigurationList;
			buildConfigurations = (
				ED7A1E4C2B755D02004568C4 /* Debug */,
				ED7A1E4D2B755D02004568C4 /* Release */,
			);
			defaultConfigurationIsVisible = 0;
			defaultConfigurationName = Release;
		};
/* End XCConfigurationList section */
	};
	rootObject = ED7A1E182B755D00004568C4 /* Project object */;
}
